
Microsoft Visual Studio Solution File, Format Version 12.00
# Visual Studio 15
VisualStudioVersion = 15.0.27130.2010
MinimumVisualStudioVersion = 10.0.40219.1
Project("{FAE04EC0-301F-11D3-BF4B-00C04F79EFBC}") = "WebDataHandler", "WebDataHandler\WebDataHandler.csproj", "{86A5C251-CE33-4A14-8C06-C9D1FF025B67}"
EndProject
Project("{FAE04EC0-301F-11D3-BF4B-00C04F79EFBC}") = "WebHandlerTests", "WebHandlerTests\WebHandlerTests.csproj", "{91C3303F-0C3F-4D7E-B3A4-2F4715A3B8F6}"
	ProjectSection(ProjectDependencies) = postProject
		{86A5C251-CE33-4A14-8C06-C9D1FF025B67} = {86A5C251-CE33-4A14-8C06-C9D1FF025B67}
	EndProjectSection
EndProject
Global
	GlobalSection(SolutionConfigurationPlatforms) = preSolution
		Debug|Any CPU = Debug|Any CPU
		Release|Any CPU = Release|Any CPU
	EndGlobalSection
	GlobalSection(ProjectConfigurationPlatforms) = postSolution
		{86A5C251-CE33-4A14-8C06-C9D1FF025B67}.Debug|Any CPU.ActiveCfg = Debug|Any CPU
		{86A5C251-CE33-4A14-8C06-C9D1FF025B67}.Debug|Any CPU.Build.0 = Debug|Any CPU
		{86A5C251-CE33-4A14-8C06-C9D1FF025B67}.Release|Any CPU.ActiveCfg = Release|Any CPU
		{86A5C251-CE33-4A14-8C06-C9D1FF025B67}.Release|Any CPU.Build.0 = Release|Any CPU
		{91C3303F-0C3F-4D7E-B3A4-2F4715A3B8F6}.Debug|Any CPU.ActiveCfg = Debug|Any CPU
		{91C3303F-0C3F-4D7E-B3A4-2F4715A3B8F6}.Debug|Any CPU.Build.0 = Debug|Any CPU
		{91C3303F-0C3F-4D7E-B3A4-2F4715A3B8F6}.Release|Any CPU.ActiveCfg = Release|Any CPU
		{91C3303F-0C3F-4D7E-B3A4-2F4715A3B8F6}.Release|Any CPU.Build.0 = Release|Any CPU
	EndGlobalSection
	GlobalSection(SolutionProperties) = preSolution
		HideSolutionNode = FALSE
	EndGlobalSection
	GlobalSection(ExtensibilityGlobals) = postSolution
		SolutionGuid = {49E05342-3B6F-4041-81CF-F21D15803A47}
	EndGlobalSection
EndGlobal
